
Microsoft Visual Studio Solution File, Format Version 12.00
# Visual Studio Version 17
VisualStudioVersion = 17.10.35004.147
MinimumVisualStudioVersion = 10.0.40219.1
Project("{9A19103F-16F7-4668-BE54-9A1E7A4F7556}") = "ECMDocumentHelper", "ECMDocumentHelper.csproj", "{8447E9B6-CE2E-49A1-AD5A-4D754D74DB4F}"
EndProject
Project("{FAE04EC0-301F-11D3-BF4B-00C04F79EFBC}") = "ECM.DocumentHelper.Library", "..\Librarry\ECM.DocumentHelper.Library.csproj", "{10EB4190-BB04-497E-A4F5-A2C3CA6BE868}"
EndProject
Global
	GlobalSection(SolutionConfigurationPlatforms) = preSolution
		Debug|Any CPU = Debug|Any CPU
		Release|Any CPU = Release|Any CPU
	EndGlobalSection
	GlobalSection(ProjectConfigurationPlatforms) = postSolution
		{8447E9B6-CE2E-49A1-AD5A-4D754D74DB4F}.Debug|Any CPU.ActiveCfg = Debug|Any CPU
		{8447E9B6-CE2E-49A1-AD5A-4D754D74DB4F}.Debug|Any CPU.Build.0 = Debug|Any CPU
		{8447E9B6-CE2E-49A1-AD5A-4D754D74DB4F}.Release|Any CPU.ActiveCfg = Release|Any CPU
		{8447E9B6-CE2E-49A1-AD5A-4D754D74DB4F}.Release|Any CPU.Build.0 = Release|Any CPU
		{10EB4190-BB04-497E-A4F5-A2C3CA6BE868}.Debug|Any CPU.ActiveCfg = Debug|Any CPU
		{10EB4190-BB04-497E-A4F5-A2C3CA6BE868}.Debug|Any CPU.Build.0 = Debug|Any CPU
		{10EB4190-BB04-497E-A4F5-A2C3CA6BE868}.Release|Any CPU.ActiveCfg = Release|Any CPU
		{10EB4190-BB04-497E-A4F5-A2C3CA6BE868}.Release|Any CPU.Build.0 = Release|Any CPU
	EndGlobalSection
	GlobalSection(SolutionProperties) = preSolution
		HideSolutionNode = FALSE
	EndGlobalSection
	GlobalSection(ExtensibilityGlobals) = postSolution
		SolutionGuid = {82F4F884-0B19-42C8-BF2D-D22EA9BBCA75}
	EndGlobalSection
EndGlobal
